
Microsoft Visual Studio Solution File, Format Version 12.00
# Visual Studio 15
VisualStudioVersion = 15.0.27428.2037
MinimumVisualStudioVersion = 10.0.40219.1
Project("{FAE04EC0-301F-11D3-BF4B-00C04F79EFBC}") = "CLongLib", "CLongLib\CLongLib.csproj", "{5AC2EA7A-1943-4571-B47E-96DEE2C70B0C}"
EndProject
Global
	GlobalSection(SolutionConfigurationPlatforms) = preSolution
		Debug|Any CPU = Debug|Any CPU
		Release|Any CPU = Release|Any CPU
	EndGlobalSection
	GlobalSection(ProjectConfigurationPlatforms) = postSolution
		{5AC2EA7A-1943-4571-B47E-96DEE2C70B0C}.Debug|Any CPU.ActiveCfg = Debug|Any CPU
		{5AC2EA7A-1943-4571-B47E-96DEE2C70B0C}.Debug|Any CPU.Build.0 = Debug|Any CPU
		{5AC2EA7A-1943-4571-B47E-96DEE2C70B0C}.Release|Any CPU.ActiveCfg = Release|Any CPU
		{5AC2EA7A-1943-4571-B47E-96DEE2C70B0C}.Release|Any CPU.Build.0 = Release|Any CPU
	EndGlobalSection
	GlobalSection(SolutionProperties) = preSolution
		HideSolutionNode = FALSE
	EndGlobalSection
	GlobalSection(ExtensibilityGlobals) = postSolution
		SolutionGuid = {2432A510-F3A4-4657-8DF5-5FD2D93D3105}
	EndGlobalSection
EndGlobal
